
Microsoft Visual Studio Solution File, Format Version 12.00
# Visual Studio Version 17
VisualStudioVersion = 17.0.31903.59
MinimumVisualStudioVersion = 10.0.40219.1
Project("{FAE04EC0-301F-11D3-BF4B-00C04F79EFBC}") = "Yada.Windows", "Yada.Windows\Yada.Windows.csproj", "{FB3C1134-3B20-45D8-8EC7-9E5C76B5738E}"
EndProject
Global
	GlobalSection(SolutionConfigurationPlatforms) = preSolution
		Debug|Any CPU = Debug|Any CPU
		Debug|x64 = Debug|x64
		Debug|x86 = Debug|x86
		Release|Any CPU = Release|Any CPU
		Release|x64 = Release|x64
		Release|x86 = Release|x86
	EndGlobalSection
	GlobalSection(ProjectConfigurationPlatforms) = postSolution
		{FB3C1134-3B20-45D8-8EC7-9E5C76B5738E}.Debug|Any CPU.ActiveCfg = Debug|x64
		{FB3C1134-3B20-45D8-8EC7-9E5C76B5738E}.Debug|Any CPU.Build.0 = Debug|x64
		{FB3C1134-3B20-45D8-8EC7-9E5C76B5738E}.Debug|x64.ActiveCfg = Debug|x64
		{FB3C1134-3B20-45D8-8EC7-9E5C76B5738E}.Debug|x64.Build.0 = Debug|x64
		{FB3C1134-3B20-45D8-8EC7-9E5C76B5738E}.Debug|x86.ActiveCfg = Debug|x86
		{FB3C1134-3B20-45D8-8EC7-9E5C76B5738E}.Debug|x86.Build.0 = Debug|x86
		{FB3C1134-3B20-45D8-8EC7-9E5C76B5738E}.Release|Any CPU.ActiveCfg = Release|x64
		{FB3C1134-3B20-45D8-8EC7-9E5C76B5738E}.Release|Any CPU.Build.0 = Release|x64
		{FB3C1134-3B20-45D8-8EC7-9E5C76B5738E}.Release|x64.ActiveCfg = Release|x64
		{FB3C1134-3B20-45D8-8EC7-9E5C76B5738E}.Release|x64.Build.0 = Release|x64
		{FB3C1134-3B20-45D8-8EC7-9E5C76B5738E}.Release|x86.ActiveCfg = Release|x86
		{FB3C1134-3B20-45D8-8EC7-9E5C76B5738E}.Release|x86.Build.0 = Release|x86
	EndGlobalSection
	GlobalSection(SolutionProperties) = preSolution
		HideSolutionNode = FALSE
	EndGlobalSection
EndGlobal
