// !$*UTF8*$!
{
	archiveVersion = 1;
	classes = {
	};
	objectVersion = 56;
	objects = {

/* Begin PBXBuildFile section */
		26154B845673421488357040 /* Utils/WavEncoder.swift in Sources */ = {isa = PBXBuildFile; fileRef = 3167CAAEFEDC40C191999F16 /* Utils/WavEncoder.swift */; };
		3760CA26C6EB48B5954A95FE /* App/AppDelegate.swift in Sources */ = {isa = PBXBuildFile; fileRef = D11CBDB6E9C243E88154C867 /* App/AppDelegate.swift */; };
		3E639157B29E46E9A73B0906 /* Services/Permissions.swift in Sources */ = {isa = PBXBuildFile; fileRef = 6BB6D576B4444AE3B697C919 /* Services/Permissions.swift */; };
		441A43C292D342B9B5A7BA0F /* Services/SettingsStore.swift in Sources */ = {isa = PBXBuildFile; fileRef = 8E78A013EEA944FA89056160 /* Services/SettingsStore.swift */; };
		4AD15D84B72449908ACCC865 /* Models/AudioInputDevice.swift in Sources */ = {isa = PBXBuildFile; fileRef = 1A67FCA51D4C4A4895A90927 /* Models/AudioInputDevice.swift */; };
		500B62EEC8A8439D89359311 /* Models/CapturedAudio.swift in Sources */ = {isa = PBXBuildFile; fileRef = E24753B4FB154F68B8C004B0 /* Models/CapturedAudio.swift */; };
		62512ED9840E4A5CBB821611 /* Models/AlertItem.swift in Sources */ = {isa = PBXBuildFile; fileRef = 342371DE2CEF4052ABFE2E49 /* Models/AlertItem.swift */; };
		6AD3DACE2F2DF169006DBCBB /* App/yadaApp.swift in Sources */ = {isa = PBXBuildFile; fileRef = 6AD3DACD2F2DF169006DBCBB /* App/yadaApp.swift */; };
		6AD3DAD02F2DF169006DBCBB /* UI/ContentView.swift in Sources */ = {isa = PBXBuildFile; fileRef = 6AD3DACF2F2DF169006DBCBB /* UI/ContentView.swift */; };
		6AD3DAD22F2DF16A006DBCBB /* Assets.xcassets in Resources */ = {isa = PBXBuildFile; fileRef = 6AD3DAD12F2DF16A006DBCBB /* Assets.xcassets */; };
		6AD3DAD52F2DF16A006DBCBB /* Preview Assets.xcassets in Resources */ = {isa = PBXBuildFile; fileRef = 6AD3DAD42F2DF16A006DBCBB /* Preview Assets.xcassets */; };
		6AD3DAE02F2DF16A006DBCBB /* yadaTests.swift in Sources */ = {isa = PBXBuildFile; fileRef = 6AD3DADF2F2DF16A006DBCBB /* yadaTests.swift */; };
		6AD3DAEA2F2DF16A006DBCBB /* yadaUITests.swift in Sources */ = {isa = PBXBuildFile; fileRef = 6AD3DAE92F2DF16A006DBCBB /* yadaUITests.swift */; };
		6AD3DAEC2F2DF16A006DBCBB /* yadaUITestsLaunchTests.swift in Sources */ = {isa = PBXBuildFile; fileRef = 6AD3DAEB2F2DF16A006DBCBB /* yadaUITestsLaunchTests.swift */; };
		6BB1A1A297A345CC9BBE5298 /* Services/AudioDeviceManager.swift in Sources */ = {isa = PBXBuildFile; fileRef = 07B92C5DC0604B87B85F8840 /* Services/AudioDeviceManager.swift */; };
		75A5B3BE84B04C83A8923462 /* Utils/Data+Append.swift in Sources */ = {isa = PBXBuildFile; fileRef = 1EE8E963C27245DE8EF78CAB /* Utils/Data+Append.swift */; };
		75F3E51F19F1478C963E25EF /* Services/AudioCapture.swift in Sources */ = {isa = PBXBuildFile; fileRef = 7D6DA61A48B2428A8F815AEC /* Services/AudioCapture.swift */; };
		781D79F465C14BA9891D177F /* Services/OpenAIClient.swift in Sources */ = {isa = PBXBuildFile; fileRef = 84C33C715EEE44F9A67E0C81 /* Services/OpenAIClient.swift */; };
		802C57DA233741FD8C4A2B83 /* UI/HotKeyRecorder.swift in Sources */ = {isa = PBXBuildFile; fileRef = C12E49610F7F4B2C8214F309 /* UI/HotKeyRecorder.swift */; };
		9396124E4931432A958786B5 /* Services/HotKeyManager.swift in Sources */ = {isa = PBXBuildFile; fileRef = 51A7B7B98CE1478897435066 /* Services/HotKeyManager.swift */; };
		9E3AE867A040471E8DAFFB93 /* ViewModel/AppViewModel.swift in Sources */ = {isa = PBXBuildFile; fileRef = A241C204EAA94B8994F9B44D /* ViewModel/AppViewModel.swift */; };
		A6A12277B8B44EDF955DC11A /* Models/HotKey.swift in Sources */ = {isa = PBXBuildFile; fileRef = BE2C8B14E2604F0791A00ED6 /* Models/HotKey.swift */; };
		BFDE3F82CE1442B49747B4D7 /* Utils/KeyCodeTranslator.swift in Sources */ = {isa = PBXBuildFile; fileRef = F7796CF6D6964785A7BA122F /* Utils/KeyCodeTranslator.swift */; };
		C2F611E0CFC24C12919BBFCB /* Models/AppStatus.swift in Sources */ = {isa = PBXBuildFile; fileRef = F2902F2DB20A43A9B431B851 /* Models/AppStatus.swift */; };
		C4B37E7E19DB4F6CB155A49B /* Models/OpenAIModels.swift in Sources */ = {isa = PBXBuildFile; fileRef = 38C1BAB1926B448A84E08EF6 /* Models/OpenAIModels.swift */; };
		CBB64746EA4841CD90A0BD0F /* Utils/MultipartFormData.swift in Sources */ = {isa = PBXBuildFile; fileRef = 36F4ED03B4D04961BA33DD5E /* Utils/MultipartFormData.swift */; };
		D753B8D9ABE244BE861B1911 /* Services/TextInserter.swift in Sources */ = {isa = PBXBuildFile; fileRef = 67E8C0F67F114AC1A1A3CCC0 /* Services/TextInserter.swift */; };
		FA3523D6E7B04006BE2A2DB1 /* Services/KeychainStore.swift in Sources */ = {isa = PBXBuildFile; fileRef = 950779AB889C403986C59C1D /* Services/KeychainStore.swift */; };
/* End PBXBuildFile section */

/* Begin PBXContainerItemProxy section */
		6AD3DADC2F2DF16A006DBCBB /* PBXContainerItemProxy */ = {
			isa = PBXContainerItemProxy;
			containerPortal = 6AD3DAC22F2DF169006DBCBB /* Project object */;
			proxyType = 1;
			remoteGlobalIDString = 6AD3DAC92F2DF169006DBCBB;
			remoteInfo = yada;
		};
		6AD3DAE62F2DF16A006DBCBB /* PBXContainerItemProxy */ = {
			isa = PBXContainerItemProxy;
			containerPortal = 6AD3DAC22F2DF169006DBCBB /* Project object */;
			proxyType = 1;
			remoteGlobalIDString = 6AD3DAC92F2DF169006DBCBB;
			remoteInfo = yada;
		};
/* End PBXContainerItemProxy section */

/* Begin PBXFileReference section */
		07B92C5DC0604B87B85F8840 /* Services/AudioDeviceManager.swift */ = {isa = PBXFileReference; lastKnownFileType = sourcecode.swift; path = Services/AudioDeviceManager.swift; sourceTree = "<group>"; };
		1A67FCA51D4C4A4895A90927 /* Models/AudioInputDevice.swift */ = {isa = PBXFileReference; lastKnownFileType = sourcecode.swift; path = Models/AudioInputDevice.swift; sourceTree = "<group>"; };
		1EE8E963C27245DE8EF78CAB /* Utils/Data+Append.swift */ = {isa = PBXFileReference; lastKnownFileType = sourcecode.swift; path = "Utils/Data+Append.swift"; sourceTree = "<group>"; };
		3167CAAEFEDC40C191999F16 /* Utils/WavEncoder.swift */ = {isa = PBXFileReference; lastKnownFileType = sourcecode.swift; path = Utils/WavEncoder.swift; sourceTree = "<group>"; };
		342371DE2CEF4052ABFE2E49 /* Models/AlertItem.swift */ = {isa = PBXFileReference; lastKnownFileType = sourcecode.swift; path = Models/AlertItem.swift; sourceTree = "<group>"; };
		36F4ED03B4D04961BA33DD5E /* Utils/MultipartFormData.swift */ = {isa = PBXFileReference; lastKnownFileType = sourcecode.swift; path = Utils/MultipartFormData.swift; sourceTree = "<group>"; };
		38C1BAB1926B448A84E08EF6 /* Models/OpenAIModels.swift */ = {isa = PBXFileReference; lastKnownFileType = sourcecode.swift; path = Models/OpenAIModels.swift; sourceTree = "<group>"; };
		51A7B7B98CE1478897435066 /* Services/HotKeyManager.swift */ = {isa = PBXFileReference; lastKnownFileType = sourcecode.swift; path = Services/HotKeyManager.swift; sourceTree = "<group>"; };
		67E8C0F67F114AC1A1A3CCC0 /* Services/TextInserter.swift */ = {isa = PBXFileReference; lastKnownFileType = sourcecode.swift; path = Services/TextInserter.swift; sourceTree = "<group>"; };
		6AD3DACA2F2DF169006DBCBB /* yada.app */ = {isa = PBXFileReference; explicitFileType = wrapper.application; includeInIndex = 0; path = yada.app; sourceTree = BUILT_PRODUCTS_DIR; };
		6AD3DACD2F2DF169006DBCBB /* App/yadaApp.swift */ = {isa = PBXFileReference; lastKnownFileType = sourcecode.swift; path = App/yadaApp.swift; sourceTree = "<group>"; };
		6AD3DACF2F2DF169006DBCBB /* UI/ContentView.swift */ = {isa = PBXFileReference; lastKnownFileType = sourcecode.swift; path = UI/ContentView.swift; sourceTree = "<group>"; };
		6AD3DAD12F2DF16A006DBCBB /* Assets.xcassets */ = {isa = PBXFileReference; lastKnownFileType = folder.assetcatalog; path = Assets.xcassets; sourceTree = "<group>"; };
		6AD3DAD42F2DF16A006DBCBB /* Preview Assets.xcassets */ = {isa = PBXFileReference; lastKnownFileType = folder.assetcatalog; path = "Preview Assets.xcassets"; sourceTree = "<group>"; };
		6AD3DAD62F2DF16A006DBCBB /* yada.entitlements */ = {isa = PBXFileReference; lastKnownFileType = text.plist.entitlements; path = yada.entitlements; sourceTree = "<group>"; };
		6AD3DADB2F2DF16A006DBCBB /* yadaTests.xctest */ = {isa = PBXFileReference; explicitFileType = wrapper.cfbundle; includeInIndex = 0; path = yadaTests.xctest; sourceTree = BUILT_PRODUCTS_DIR; };
		6AD3DADF2F2DF16A006DBCBB /* yadaTests.swift */ = {isa = PBXFileReference; lastKnownFileType = sourcecode.swift; path = yadaTests.swift; sourceTree = "<group>"; };
		6AD3DAE52F2DF16A006DBCBB /* yadaUITests.xctest */ = {isa = PBXFileReference; explicitFileType = wrapper.cfbundle; includeInIndex = 0; path = yadaUITests.xctest; sourceTree = BUILT_PRODUCTS_DIR; };
		6AD3DAE92F2DF16A006DBCBB /* yadaUITests.swift */ = {isa = PBXFileReference; lastKnownFileType = sourcecode.swift; path = yadaUITests.swift; sourceTree = "<group>"; };
		6AD3DAEB2F2DF16A006DBCBB /* yadaUITestsLaunchTests.swift */ = {isa = PBXFileReference; lastKnownFileType = sourcecode.swift; path = yadaUITestsLaunchTests.swift; sourceTree = "<group>"; };
		6BB6D576B4444AE3B697C919 /* Services/Permissions.swift */ = {isa = PBXFileReference; lastKnownFileType = sourcecode.swift; path = Services/Permissions.swift; sourceTree = "<group>"; };
		7D6DA61A48B2428A8F815AEC /* Services/AudioCapture.swift */ = {isa = PBXFileReference; lastKnownFileType = sourcecode.swift; path = Services/AudioCapture.swift; sourceTree = "<group>"; };
		84C33C715EEE44F9A67E0C81 /* Services/OpenAIClient.swift */ = {isa = PBXFileReference; lastKnownFileType = sourcecode.swift; path = Services/OpenAIClient.swift; sourceTree = "<group>"; };
		8E78A013EEA944FA89056160 /* Services/SettingsStore.swift */ = {isa = PBXFileReference; lastKnownFileType = sourcecode.swift; path = Services/SettingsStore.swift; sourceTree = "<group>"; };
		950779AB889C403986C59C1D /* Services/KeychainStore.swift */ = {isa = PBXFileReference; lastKnownFileType = sourcecode.swift; path = Services/KeychainStore.swift; sourceTree = "<group>"; };
		A241C204EAA94B8994F9B44D /* ViewModel/AppViewModel.swift */ = {isa = PBXFileReference; lastKnownFileType = sourcecode.swift; path = ViewModel/AppViewModel.swift; sourceTree = "<group>"; };
		BE2C8B14E2604F0791A00ED6 /* Models/HotKey.swift */ = {isa = PBXFileReference; lastKnownFileType = sourcecode.swift; path = Models/HotKey.swift; sourceTree = "<group>"; };
		C12E49610F7F4B2C8214F309 /* UI/HotKeyRecorder.swift */ = {isa = PBXFileReference; lastKnownFileType = sourcecode.swift; path = UI/HotKeyRecorder.swift; sourceTree = "<group>"; };
		D11CBDB6E9C243E88154C867 /* App/AppDelegate.swift */ = {isa = PBXFileReference; lastKnownFileType = sourcecode.swift; path = App/AppDelegate.swift; sourceTree = "<group>"; };
		E24753B4FB154F68B8C004B0 /* Models/CapturedAudio.swift */ = {isa = PBXFileReference; lastKnownFileType = sourcecode.swift; path = Models/CapturedAudio.swift; sourceTree = "<group>"; };
		F2902F2DB20A43A9B431B851 /* Models/AppStatus.swift */ = {isa = PBXFileReference; lastKnownFileType = sourcecode.swift; path = Models/AppStatus.swift; sourceTree = "<group>"; };
		F7796CF6D6964785A7BA122F /* Utils/KeyCodeTranslator.swift */ = {isa = PBXFileReference; lastKnownFileType = sourcecode.swift; path = Utils/KeyCodeTranslator.swift; sourceTree = "<group>"; };
/* End PBXFileReference section */

/* Begin PBXFrameworksBuildPhase section */
		6AD3DAC72F2DF169006DBCBB /* Frameworks */ = {
			isa = PBXFrameworksBuildPhase;
			buildActionMask = 2147483647;
			files = (
			);
			runOnlyForDeploymentPostprocessing = 0;
		};
		6AD3DAD82F2DF16A006DBCBB /* Frameworks */ = {
			isa = PBXFrameworksBuildPhase;
			buildActionMask = 2147483647;
			files = (
			);
			runOnlyForDeploymentPostprocessing = 0;
		};
		6AD3DAE22F2DF16A006DBCBB /* Frameworks */ = {
			isa = PBXFrameworksBuildPhase;
			buildActionMask = 2147483647;
			files = (
			);
			runOnlyForDeploymentPostprocessing = 0;
		};
/* End PBXFrameworksBuildPhase section */

/* Begin PBXGroup section */
		6AD3DAC12F2DF169006DBCBB = {
			isa = PBXGroup;
			children = (
				6AD3DACC2F2DF169006DBCBB /* yada */,
				6AD3DADE2F2DF16A006DBCBB /* yadaTests */,
				6AD3DAE82F2DF16A006DBCBB /* yadaUITests */,
				6AD3DACB2F2DF169006DBCBB /* Products */,
			);
			sourceTree = "<group>";
		};
		6AD3DACB2F2DF169006DBCBB /* Products */ = {
			isa = PBXGroup;
			children = (
				6AD3DACA2F2DF169006DBCBB /* yada.app */,
				6AD3DADB2F2DF16A006DBCBB /* yadaTests.xctest */,
				6AD3DAE52F2DF16A006DBCBB /* yadaUITests.xctest */,
			);
			name = Products;
			sourceTree = "<group>";
		};
		6AD3DACC2F2DF169006DBCBB /* yada */ = {
			isa = PBXGroup;
			children = (
				6AD3DACD2F2DF169006DBCBB /* App/yadaApp.swift */,
				D11CBDB6E9C243E88154C867 /* App/AppDelegate.swift */,
				6AD3DACF2F2DF169006DBCBB /* UI/ContentView.swift */,
				A241C204EAA94B8994F9B44D /* ViewModel/AppViewModel.swift */,
				F2902F2DB20A43A9B431B851 /* Models/AppStatus.swift */,
				342371DE2CEF4052ABFE2E49 /* Models/AlertItem.swift */,
				1A67FCA51D4C4A4895A90927 /* Models/AudioInputDevice.swift */,
				BE2C8B14E2604F0791A00ED6 /* Models/HotKey.swift */,
				E24753B4FB154F68B8C004B0 /* Models/CapturedAudio.swift */,
				38C1BAB1926B448A84E08EF6 /* Models/OpenAIModels.swift */,
				7D6DA61A48B2428A8F815AEC /* Services/AudioCapture.swift */,
				07B92C5DC0604B87B85F8840 /* Services/AudioDeviceManager.swift */,
				84C33C715EEE44F9A67E0C81 /* Services/OpenAIClient.swift */,
				6BB6D576B4444AE3B697C919 /* Services/Permissions.swift */,
				67E8C0F67F114AC1A1A3CCC0 /* Services/TextInserter.swift */,
				950779AB889C403986C59C1D /* Services/KeychainStore.swift */,
				8E78A013EEA944FA89056160 /* Services/SettingsStore.swift */,
				51A7B7B98CE1478897435066 /* Services/HotKeyManager.swift */,
				3167CAAEFEDC40C191999F16 /* Utils/WavEncoder.swift */,
				36F4ED03B4D04961BA33DD5E /* Utils/MultipartFormData.swift */,
				F7796CF6D6964785A7BA122F /* Utils/KeyCodeTranslator.swift */,
				1EE8E963C27245DE8EF78CAB /* Utils/Data+Append.swift */,
				C12E49610F7F4B2C8214F309 /* UI/HotKeyRecorder.swift */,
				6AD3DAD12F2DF16A006DBCBB /* Assets.xcassets */,
				6AD3DAD62F2DF16A006DBCBB /* yada.entitlements */,
				6AD3DAD32F2DF16A006DBCBB /* Preview Content */,
			);
			path = yada;
			sourceTree = "<group>";
		};
		6AD3DAD32F2DF16A006DBCBB /* Preview Content */ = {
			isa = PBXGroup;
			children = (
				6AD3DAD42F2DF16A006DBCBB /* Preview Assets.xcassets */,
			);
			path = "Preview Content";
			sourceTree = "<group>";
		};
		6AD3DADE2F2DF16A006DBCBB /* yadaTests */ = {
			isa = PBXGroup;
			children = (
				6AD3DADF2F2DF16A006DBCBB /* yadaTests.swift */,
			);
			path = yadaTests;
			sourceTree = "<group>";
		};
		6AD3DAE82F2DF16A006DBCBB /* yadaUITests */ = {
			isa = PBXGroup;
			children = (
				6AD3DAE92F2DF16A006DBCBB /* yadaUITests.swift */,
				6AD3DAEB2F2DF16A006DBCBB /* yadaUITestsLaunchTests.swift */,
			);
			path = yadaUITests;
			sourceTree = "<group>";
		};
/* End PBXGroup section */

/* Begin PBXNativeTarget section */
		6AD3DAC92F2DF169006DBCBB /* yada */ = {
			isa = PBXNativeTarget;
			buildConfigurationList = 6AD3DAEF2F2DF16A006DBCBB /* Build configuration list for PBXNativeTarget "yada" */;
			buildPhases = (
				6AD3DAC62F2DF169006DBCBB /* Sources */,
				6AD3DAC72F2DF169006DBCBB /* Frameworks */,
				6AD3DAC82F2DF169006DBCBB /* Resources */,
			);
			buildRules = (
			);
			dependencies = (
			);
			name = yada;
			productName = yada;
			productReference = 6AD3DACA2F2DF169006DBCBB /* yada.app */;
			productType = "com.apple.product-type.application";
		};
		6AD3DADA2F2DF16A006DBCBB /* yadaTests */ = {
			isa = PBXNativeTarget;
			buildConfigurationList = 6AD3DAF22F2DF16A006DBCBB /* Build configuration list for PBXNativeTarget "yadaTests" */;
			buildPhases = (
				6AD3DAD72F2DF16A006DBCBB /* Sources */,
				6AD3DAD82F2DF16A006DBCBB /* Frameworks */,
				6AD3DAD92F2DF16A006DBCBB /* Resources */,
			);
			buildRules = (
			);
			dependencies = (
				6AD3DADD2F2DF16A006DBCBB /* PBXTargetDependency */,
			);
			name = yadaTests;
			productName = yadaTests;
			productReference = 6AD3DADB2F2DF16A006DBCBB /* yadaTests.xctest */;
			productType = "com.apple.product-type.bundle.unit-test";
		};
		6AD3DAE42F2DF16A006DBCBB /* yadaUITests */ = {
			isa = PBXNativeTarget;
			buildConfigurationList = 6AD3DAF52F2DF16A006DBCBB /* Build configuration list for PBXNativeTarget "yadaUITests" */;
			buildPhases = (
				6AD3DAE12F2DF16A006DBCBB /* Sources */,
				6AD3DAE22F2DF16A006DBCBB /* Frameworks */,
				6AD3DAE32F2DF16A006DBCBB /* Resources */,
			);
			buildRules = (
			);
			dependencies = (
				6AD3DAE72F2DF16A006DBCBB /* PBXTargetDependency */,
			);
			name = yadaUITests;
			productName = yadaUITests;
			productReference = 6AD3DAE52F2DF16A006DBCBB /* yadaUITests.xctest */;
			productType = "com.apple.product-type.bundle.ui-testing";
		};
/* End PBXNativeTarget section */

/* Begin PBXProject section */
		6AD3DAC22F2DF169006DBCBB /* Project object */ = {
			isa = PBXProject;
			attributes = {
				BuildIndependentTargetsInParallel = 1;
				LastSwiftUpdateCheck = 1540;
				LastUpgradeCheck = 1540;
				TargetAttributes = {
					6AD3DAC92F2DF169006DBCBB = {
						CreatedOnToolsVersion = 15.4;
					};
					6AD3DADA2F2DF16A006DBCBB = {
						CreatedOnToolsVersion = 15.4;
						TestTargetID = 6AD3DAC92F2DF169006DBCBB;
					};
					6AD3DAE42F2DF16A006DBCBB = {
						CreatedOnToolsVersion = 15.4;
						TestTargetID = 6AD3DAC92F2DF169006DBCBB;
					};
				};
			};
			buildConfigurationList = 6AD3DAC52F2DF169006DBCBB /* Build configuration list for PBXProject "yada" */;
			compatibilityVersion = "Xcode 14.0";
			developmentRegion = en;
			hasScannedForEncodings = 0;
			knownRegions = (
				en,
				Base,
			);
			mainGroup = 6AD3DAC12F2DF169006DBCBB;
			productRefGroup = 6AD3DACB2F2DF169006DBCBB /* Products */;
			projectDirPath = "";
			projectRoot = "";
			targets = (
				6AD3DAC92F2DF169006DBCBB /* yada */,
				6AD3DADA2F2DF16A006DBCBB /* yadaTests */,
				6AD3DAE42F2DF16A006DBCBB /* yadaUITests */,
			);
		};
/* End PBXProject section */

/* Begin PBXResourcesBuildPhase section */
		6AD3DAC82F2DF169006DBCBB /* Resources */ = {
			isa = PBXResourcesBuildPhase;
			buildActionMask = 2147483647;
			files = (
				6AD3DAD52F2DF16A006DBCBB /* Preview Assets.xcassets in Resources */,
				6AD3DAD22F2DF16A006DBCBB /* Assets.xcassets in Resources */,
			);
			runOnlyForDeploymentPostprocessing = 0;
		};
		6AD3DAD92F2DF16A006DBCBB /* Resources */ = {
			isa = PBXResourcesBuildPhase;
			buildActionMask = 2147483647;
			files = (
			);
			runOnlyForDeploymentPostprocessing = 0;
		};
		6AD3DAE32F2DF16A006DBCBB /* Resources */ = {
			isa = PBXResourcesBuildPhase;
			buildActionMask = 2147483647;
			files = (
			);
			runOnlyForDeploymentPostprocessing = 0;
		};
/* End PBXResourcesBuildPhase section */

/* Begin PBXSourcesBuildPhase section */
		6AD3DAC62F2DF169006DBCBB /* Sources */ = {
			isa = PBXSourcesBuildPhase;
			buildActionMask = 2147483647;
			files = (
				6AD3DAD02F2DF169006DBCBB /* UI/ContentView.swift in Sources */,
				6AD3DACE2F2DF169006DBCBB /* App/yadaApp.swift in Sources */,
				9396124E4931432A958786B5 /* Services/HotKeyManager.swift in Sources */,
				3760CA26C6EB48B5954A95FE /* App/AppDelegate.swift in Sources */,
				9E3AE867A040471E8DAFFB93 /* ViewModel/AppViewModel.swift in Sources */,
				C2F611E0CFC24C12919BBFCB /* Models/AppStatus.swift in Sources */,
				4AD15D84B72449908ACCC865 /* Models/AudioInputDevice.swift in Sources */,
				A6A12277B8B44EDF955DC11A /* Models/HotKey.swift in Sources */,
				62512ED9840E4A5CBB821611 /* Models/AlertItem.swift in Sources */,
				500B62EEC8A8439D89359311 /* Models/CapturedAudio.swift in Sources */,
				C4B37E7E19DB4F6CB155A49B /* Models/OpenAIModels.swift in Sources */,
				75F3E51F19F1478C963E25EF /* Services/AudioCapture.swift in Sources */,
				6BB1A1A297A345CC9BBE5298 /* Services/AudioDeviceManager.swift in Sources */,
				781D79F465C14BA9891D177F /* Services/OpenAIClient.swift in Sources */,
				3E639157B29E46E9A73B0906 /* Services/Permissions.swift in Sources */,
				D753B8D9ABE244BE861B1911 /* Services/TextInserter.swift in Sources */,
				FA3523D6E7B04006BE2A2DB1 /* Services/KeychainStore.swift in Sources */,
				441A43C292D342B9B5A7BA0F /* Services/SettingsStore.swift in Sources */,
				26154B845673421488357040 /* Utils/WavEncoder.swift in Sources */,
				CBB64746EA4841CD90A0BD0F /* Utils/MultipartFormData.swift in Sources */,
				BFDE3F82CE1442B49747B4D7 /* Utils/KeyCodeTranslator.swift in Sources */,
				75A5B3BE84B04C83A8923462 /* Utils/Data+Append.swift in Sources */,
				802C57DA233741FD8C4A2B83 /* UI/HotKeyRecorder.swift in Sources */,
			);
			runOnlyForDeploymentPostprocessing = 0;
		};
		6AD3DAD72F2DF16A006DBCBB /* Sources */ = {
			isa = PBXSourcesBuildPhase;
			buildActionMask = 2147483647;
			files = (
				6AD3DAE02F2DF16A006DBCBB /* yadaTests.swift in Sources */,
			);
			runOnlyForDeploymentPostprocessing = 0;
		};
		6AD3DAE12F2DF16A006DBCBB /* Sources */ = {
			isa = PBXSourcesBuildPhase;
			buildActionMask = 2147483647;
			files = (
				6AD3DAEA2F2DF16A006DBCBB /* yadaUITests.swift in Sources */,
				6AD3DAEC2F2DF16A006DBCBB /* yadaUITestsLaunchTests.swift in Sources */,
			);
			runOnlyForDeploymentPostprocessing = 0;
		};
/* End PBXSourcesBuildPhase section */

/* Begin PBXTargetDependency section */
		6AD3DADD2F2DF16A006DBCBB /* PBXTargetDependency */ = {
			isa = PBXTargetDependency;
			target = 6AD3DAC92F2DF169006DBCBB /* yada */;
			targetProxy = 6AD3DADC2F2DF16A006DBCBB /* PBXContainerItemProxy */;
		};
		6AD3DAE72F2DF16A006DBCBB /* PBXTargetDependency */ = {
			isa = PBXTargetDependency;
			target = 6AD3DAC92F2DF169006DBCBB /* yada */;
			targetProxy = 6AD3DAE62F2DF16A006DBCBB /* PBXContainerItemProxy */;
		};
/* End PBXTargetDependency section */

/* Begin XCBuildConfiguration section */
		6AD3DAED2F2DF16A006DBCBB /* Debug */ = {
			isa = XCBuildConfiguration;
			buildSettings = {
				ALWAYS_SEARCH_USER_PATHS = NO;
				ASSETCATALOG_COMPILER_GENERATE_SWIFT_ASSET_SYMBOL_EXTENSIONS = YES;
				CLANG_ANALYZER_NONNULL = YES;
				CLANG_ANALYZER_NUMBER_OBJECT_CONVERSION = YES_AGGRESSIVE;
				CLANG_CXX_LANGUAGE_STANDARD = "gnu++20";
				CLANG_ENABLE_MODULES = YES;
				CLANG_ENABLE_OBJC_ARC = YES;
				CLANG_ENABLE_OBJC_WEAK = YES;
				CLANG_WARN_BLOCK_CAPTURE_AUTORELEASING = YES;
				CLANG_WARN_BOOL_CONVERSION = YES;
				CLANG_WARN_COMMA = YES;
				CLANG_WARN_CONSTANT_CONVERSION = YES;
				CLANG_WARN_DEPRECATED_OBJC_IMPLEMENTATIONS = YES;
				CLANG_WARN_DIRECT_OBJC_ISA_USAGE = YES_ERROR;
				CLANG_WARN_DOCUMENTATION_COMMENTS = YES;
				CLANG_WARN_EMPTY_BODY = YES;
				CLANG_WARN_ENUM_CONVERSION = YES;
				CLANG_WARN_INFINITE_RECURSION = YES;
				CLANG_WARN_INT_CONVERSION = YES;
				CLANG_WARN_NON_LITERAL_NULL_CONVERSION = YES;
				CLANG_WARN_OBJC_IMPLICIT_RETAIN_SELF = YES;
				CLANG_WARN_OBJC_LITERAL_CONVERSION = YES;
				CLANG_WARN_OBJC_ROOT_CLASS = YES_ERROR;
				CLANG_WARN_QUOTED_INCLUDE_IN_FRAMEWORK_HEADER = YES;
				CLANG_WARN_RANGE_LOOP_ANALYSIS = YES;
				CLANG_WARN_STRICT_PROTOTYPES = YES;
				CLANG_WARN_SUSPICIOUS_MOVE = YES;
				CLANG_WARN_UNGUARDED_AVAILABILITY = YES_AGGRESSIVE;
				CLANG_WARN_UNREACHABLE_CODE = YES;
				CLANG_WARN__DUPLICATE_METHOD_MATCH = YES;
				COPY_PHASE_STRIP = NO;
				DEBUG_INFORMATION_FORMAT = dwarf;
				ENABLE_STRICT_OBJC_MSGSEND = YES;
				ENABLE_TESTABILITY = YES;
				ENABLE_USER_SCRIPT_SANDBOXING = YES;
				GCC_C_LANGUAGE_STANDARD = gnu17;
				GCC_DYNAMIC_NO_PIC = NO;
				GCC_NO_COMMON_BLOCKS = YES;
				GCC_OPTIMIZATION_LEVEL = 0;
				GCC_PREPROCESSOR_DEFINITIONS = (
					"DEBUG=1",
					"$(inherited)",
				);
				GCC_WARN_64_TO_32_BIT_CONVERSION = YES;
				GCC_WARN_ABOUT_RETURN_TYPE = YES_ERROR;
				GCC_WARN_UNDECLARED_SELECTOR = YES;
				GCC_WARN_UNINITIALIZED_AUTOS = YES_AGGRESSIVE;
				GCC_WARN_UNUSED_FUNCTION = YES;
				GCC_WARN_UNUSED_VARIABLE = YES;
				LOCALIZATION_PREFERS_STRING_CATALOGS = YES;
				MACOSX_DEPLOYMENT_TARGET = 14.5;
				MTL_ENABLE_DEBUG_INFO = INCLUDE_SOURCE;
				MTL_FAST_MATH = YES;
				ONLY_ACTIVE_ARCH = YES;
				SDKROOT = macosx;
				SWIFT_ACTIVE_COMPILATION_CONDITIONS = "DEBUG $(inherited)";
				SWIFT_OPTIMIZATION_LEVEL = "-Onone";
			};
			name = Debug;
		};
		6AD3DAEE2F2DF16A006DBCBB /* Release */ = {
			isa = XCBuildConfiguration;
			buildSettings = {
				ALWAYS_SEARCH_USER_PATHS = NO;
				ASSETCATALOG_COMPILER_GENERATE_SWIFT_ASSET_SYMBOL_EXTENSIONS = YES;
				CLANG_ANALYZER_NONNULL = YES;
				CLANG_ANALYZER_NUMBER_OBJECT_CONVERSION = YES_AGGRESSIVE;
				CLANG_CXX_LANGUAGE_STANDARD = "gnu++20";
				CLANG_ENABLE_MODULES = YES;
				CLANG_ENABLE_OBJC_ARC = YES;
				CLANG_ENABLE_OBJC_WEAK = YES;
				CLANG_WARN_BLOCK_CAPTURE_AUTORELEASING = YES;
				CLANG_WARN_BOOL_CONVERSION = YES;
				CLANG_WARN_COMMA = YES;
				CLANG_WARN_CONSTANT_CONVERSION = YES;
				CLANG_WARN_DEPRECATED_OBJC_IMPLEMENTATIONS = YES;
				CLANG_WARN_DIRECT_OBJC_ISA_USAGE = YES_ERROR;
				CLANG_WARN_DOCUMENTATION_COMMENTS = YES;
				CLANG_WARN_EMPTY_BODY = YES;
				CLANG_WARN_ENUM_CONVERSION = YES;
				CLANG_WARN_INFINITE_RECURSION = YES;
				CLANG_WARN_INT_CONVERSION = YES;
				CLANG_WARN_NON_LITERAL_NULL_CONVERSION = YES;
				CLANG_WARN_OBJC_IMPLICIT_RETAIN_SELF = YES;
				CLANG_WARN_OBJC_LITERAL_CONVERSION = YES;
				CLANG_WARN_OBJC_ROOT_CLASS = YES_ERROR;
				CLANG_WARN_QUOTED_INCLUDE_IN_FRAMEWORK_HEADER = YES;
				CLANG_WARN_RANGE_LOOP_ANALYSIS = YES;
				CLANG_WARN_STRICT_PROTOTYPES = YES;
				CLANG_WARN_SUSPICIOUS_MOVE = YES;
				CLANG_WARN_UNGUARDED_AVAILABILITY = YES_AGGRESSIVE;
				CLANG_WARN_UNREACHABLE_CODE = YES;
				CLANG_WARN__DUPLICATE_METHOD_MATCH = YES;
				COPY_PHASE_STRIP = NO;
				DEBUG_INFORMATION_FORMAT = "dwarf-with-dsym";
				ENABLE_NS_ASSERTIONS = NO;
				ENABLE_STRICT_OBJC_MSGSEND = YES;
				ENABLE_USER_SCRIPT_SANDBOXING = YES;
				GCC_C_LANGUAGE_STANDARD = gnu17;
				GCC_NO_COMMON_BLOCKS = YES;
				GCC_WARN_64_TO_32_BIT_CONVERSION = YES;
				GCC_WARN_ABOUT_RETURN_TYPE = YES_ERROR;
				GCC_WARN_UNDECLARED_SELECTOR = YES;
				GCC_WARN_UNINITIALIZED_AUTOS = YES_AGGRESSIVE;
				GCC_WARN_UNUSED_FUNCTION = YES;
				GCC_WARN_UNUSED_VARIABLE = YES;
				LOCALIZATION_PREFERS_STRING_CATALOGS = YES;
				MACOSX_DEPLOYMENT_TARGET = 14.5;
				MTL_ENABLE_DEBUG_INFO = NO;
				MTL_FAST_MATH = YES;
				SDKROOT = macosx;
				SWIFT_COMPILATION_MODE = wholemodule;
			};
			name = Release;
		};
		6AD3DAF02F2DF16A006DBCBB /* Debug */ = {
			isa = XCBuildConfiguration;
			buildSettings = {
				ASSETCATALOG_COMPILER_APPICON_NAME = AppIcon;
				ASSETCATALOG_COMPILER_GLOBAL_ACCENT_COLOR_NAME = AccentColor;
				CODE_SIGN_ENTITLEMENTS = yada/yada.entitlements;
				"CODE_SIGN_IDENTITY[sdk=macosx*]" = "Apple Development";
				CODE_SIGN_STYLE = Automatic;
				COMBINE_HIDPI_IMAGES = YES;
				CURRENT_PROJECT_VERSION = 1;
				DEVELOPMENT_ASSET_PATHS = "\"yada/Preview Content\"";
				DEVELOPMENT_TEAM = 7PPP8JRW7F;
				ENABLE_PREVIEWS = YES;
				GENERATE_INFOPLIST_FILE = YES;
				INFOPLIST_KEY_LSApplicationCategoryType = "public.app-category.productivity";
				INFOPLIST_KEY_NSHumanReadableCopyright = "";
				INFOPLIST_KEY_NSInputMonitoringUsageDescription = "yada needs input monitoring to paste rewritten text.";
				INFOPLIST_KEY_NSMicrophoneUsageDescription = "yada needs microphone access to transcribe your speech.";
				LD_RUNPATH_SEARCH_PATHS = (
					"$(inherited)",
					"@executable_path/../Frameworks",
				);
				MARKETING_VERSION = 0.1.0;
				PRODUCT_BUNDLE_IDENTIFIER = paras.yada;
				PRODUCT_NAME = "$(TARGET_NAME)";
				SWIFT_EMIT_LOC_STRINGS = YES;
				SWIFT_VERSION = 5.0;
			};
			name = Debug;
		};
		6AD3DAF12F2DF16A006DBCBB /* Release */ = {
			isa = XCBuildConfiguration;
			buildSettings = {
				ASSETCATALOG_COMPILER_APPICON_NAME = AppIcon;
				ASSETCATALOG_COMPILER_GLOBAL_ACCENT_COLOR_NAME = AccentColor;
				CODE_SIGN_ENTITLEMENTS = yada/yada.entitlements;
				"CODE_SIGN_IDENTITY[sdk=macosx*]" = "Apple Development";
				CODE_SIGN_STYLE = Automatic;
				COMBINE_HIDPI_IMAGES = YES;
				CURRENT_PROJECT_VERSION = 1;
				DEVELOPMENT_ASSET_PATHS = "\"yada/Preview Content\"";
				DEVELOPMENT_TEAM = 7PPP8JRW7F;
				ENABLE_PREVIEWS = YES;
				GENERATE_INFOPLIST_FILE = YES;
				INFOPLIST_KEY_LSApplicationCategoryType = "public.app-category.productivity";
				INFOPLIST_KEY_NSHumanReadableCopyright = "";
				INFOPLIST_KEY_NSInputMonitoringUsageDescription = "yada needs input monitoring to paste rewritten text.";
				INFOPLIST_KEY_NSMicrophoneUsageDescription = "yada needs microphone access to transcribe your speech.";
				LD_RUNPATH_SEARCH_PATHS = (
					"$(inherited)",
					"@executable_path/../Frameworks",
				);
				MARKETING_VERSION = 0.1.0;
				PRODUCT_BUNDLE_IDENTIFIER = paras.yada;
				PRODUCT_NAME = "$(TARGET_NAME)";
				SWIFT_EMIT_LOC_STRINGS = YES;
				SWIFT_VERSION = 5.0;
			};
			name = Release;
		};
		6AD3DAF32F2DF16A006DBCBB /* Debug */ = {
			isa = XCBuildConfiguration;
			buildSettings = {
				ALWAYS_EMBED_SWIFT_STANDARD_LIBRARIES = YES;
				BUNDLE_LOADER = "$(TEST_HOST)";
				CODE_SIGN_STYLE = Automatic;
				CURRENT_PROJECT_VERSION = 1;
				GENERATE_INFOPLIST_FILE = YES;
				MACOSX_DEPLOYMENT_TARGET = 14.5;
				MARKETING_VERSION = 0.1.0;
				PRODUCT_BUNDLE_IDENTIFIER = paras.yadaTests;
				PRODUCT_NAME = "$(TARGET_NAME)";
				SWIFT_EMIT_LOC_STRINGS = NO;
				SWIFT_VERSION = 5.0;
				TEST_HOST = "$(BUILT_PRODUCTS_DIR)/yada.app/$(BUNDLE_EXECUTABLE_FOLDER_PATH)/yada";
			};
			name = Debug;
		};
		6AD3DAF42F2DF16A006DBCBB /* Release */ = {
			isa = XCBuildConfiguration;
			buildSettings = {
				ALWAYS_EMBED_SWIFT_STANDARD_LIBRARIES = YES;
				BUNDLE_LOADER = "$(TEST_HOST)";
				CODE_SIGN_STYLE = Automatic;
				CURRENT_PROJECT_VERSION = 1;
				GENERATE_INFOPLIST_FILE = YES;
				MACOSX_DEPLOYMENT_TARGET = 14.5;
				MARKETING_VERSION = 0.1.0;
				PRODUCT_BUNDLE_IDENTIFIER = paras.yadaTests;
				PRODUCT_NAME = "$(TARGET_NAME)";
				SWIFT_EMIT_LOC_STRINGS = NO;
				SWIFT_VERSION = 5.0;
				TEST_HOST = "$(BUILT_PRODUCTS_DIR)/yada.app/$(BUNDLE_EXECUTABLE_FOLDER_PATH)/yada";
			};
			name = Release;
		};
		6AD3DAF62F2DF16A006DBCBB /* Debug */ = {
			isa = XCBuildConfiguration;
			buildSettings = {
				ALWAYS_EMBED_SWIFT_STANDARD_LIBRARIES = YES;
				CODE_SIGN_STYLE = Automatic;
				CURRENT_PROJECT_VERSION = 1;
				GENERATE_INFOPLIST_FILE = YES;
				MARKETING_VERSION = 0.1.0;
				PRODUCT_BUNDLE_IDENTIFIER = paras.yadaUITests;
				PRODUCT_NAME = "$(TARGET_NAME)";
				SWIFT_EMIT_LOC_STRINGS = NO;
				SWIFT_VERSION = 5.0;
				TEST_TARGET_NAME = yada;
			};
			name = Debug;
		};
		6AD3DAF72F2DF16A006DBCBB /* Release */ = {
			isa = XCBuildConfiguration;
			buildSettings = {
				ALWAYS_EMBED_SWIFT_STANDARD_LIBRARIES = YES;
				CODE_SIGN_STYLE = Automatic;
				CURRENT_PROJECT_VERSION = 1;
				GENERATE_INFOPLIST_FILE = YES;
				MARKETING_VERSION = 0.1.0;
				PRODUCT_BUNDLE_IDENTIFIER = paras.yadaUITests;
				PRODUCT_NAME = "$(TARGET_NAME)";
				SWIFT_EMIT_LOC_STRINGS = NO;
				SWIFT_VERSION = 5.0;
				TEST_TARGET_NAME = yada;
			};
			name = Release;
		};
/* End XCBuildConfiguration section */

/* Begin XCConfigurationList section */
		6AD3DAC52F2DF169006DBCBB /* Build configuration list for PBXProject "yada" */ = {
			isa = XCConfigurationList;
			buildConfigurations = (
				6AD3DAED2F2DF16A006DBCBB /* Debug */,
				6AD3DAEE2F2DF16A006DBCBB /* Release */,
			);
			defaultConfigurationIsVisible = 0;
			defaultConfigurationName = Release;
		};
		6AD3DAEF2F2DF16A006DBCBB /* Build configuration list for PBXNativeTarget "yada" */ = {
			isa = XCConfigurationList;
			buildConfigurations = (
				6AD3DAF02F2DF16A006DBCBB /* Debug */,
				6AD3DAF12F2DF16A006DBCBB /* Release */,
			);
			defaultConfigurationIsVisible = 0;
			defaultConfigurationName = Release;
		};
		6AD3DAF22F2DF16A006DBCBB /* Build configuration list for PBXNativeTarget "yadaTests" */ = {
			isa = XCConfigurationList;
			buildConfigurations = (
				6AD3DAF32F2DF16A006DBCBB /* Debug */,
				6AD3DAF42F2DF16A006DBCBB /* Release */,
			);
			defaultConfigurationIsVisible = 0;
			defaultConfigurationName = Release;
		};
		6AD3DAF52F2DF16A006DBCBB /* Build configuration list for PBXNativeTarget "yadaUITests" */ = {
			isa = XCConfigurationList;
			buildConfigurations = (
				6AD3DAF62F2DF16A006DBCBB /* Debug */,
				6AD3DAF72F2DF16A006DBCBB /* Release */,
			);
			defaultConfigurationIsVisible = 0;
			defaultConfigurationName = Release;
		};
/* End XCConfigurationList section */
	};
	rootObject = 6AD3DAC22F2DF169006DBCBB /* Project object */;
}
